
Microsoft Visual Studio Solution File, Format Version 12.00
# Visual Studio Version 17
VisualStudioVersion = 17.10.35122.118
MinimumVisualStudioVersion = 10.0.40219.1
Project("{FAE04EC0-301F-11D3-BF4B-00C04F79EFBC}") = "Singleton", "Singleton.csproj", "{62945A60-9856-486E-942D-15B7B156F6D7}"
EndProject
Global
	GlobalSection(SolutionConfigurationPlatforms) = preSolution
		Debug|Any CPU = Debug|Any CPU
		Release|Any CPU = Release|Any CPU
	EndGlobalSection
	GlobalSection(ProjectConfigurationPlatforms) = postSolution
		{62945A60-9856-486E-942D-15B7B156F6D7}.Debug|Any CPU.ActiveCfg = Debug|Any CPU
		{62945A60-9856-486E-942D-15B7B156F6D7}.Debug|Any CPU.Build.0 = Debug|Any CPU
		{62945A60-9856-486E-942D-15B7B156F6D7}.Release|Any CPU.ActiveCfg = Release|Any CPU
		{62945A60-9856-486E-942D-15B7B156F6D7}.Release|Any CPU.Build.0 = Release|Any CPU
	EndGlobalSection
	GlobalSection(SolutionProperties) = preSolution
		HideSolutionNode = FALSE
	EndGlobalSection
	GlobalSection(ExtensibilityGlobals) = postSolution
		SolutionGuid = {D2617133-61B2-4C19-BF33-621EEE23701A}
	EndGlobalSection
EndGlobal
